
Microsoft Visual Studio Solution File, Format Version 12.00
# Visual Studio Version 17
VisualStudioVersion = 17.7.34024.191
MinimumVisualStudioVersion = 10.0.40219.1
Project("{FAE04EC0-301F-11D3-BF4B-00C04F79EFBC}") = "Week6StringsAndArrays", "Week6StringsAndArrays\Week6StringsAndArrays.csproj", "{979A34AE-185C-410A-AC27-882BAC2BC026}"
EndProject
Project("{FAE04EC0-301F-11D3-BF4B-00C04F79EFBC}") = "Arrays", "Arrays\Arrays.csproj", "{2CEA43A5-2621-46F0-9E1C-817B87C9105E}"
EndProject
Global
	GlobalSection(SolutionConfigurationPlatforms) = preSolution
		Debug|Any CPU = Debug|Any CPU
		Release|Any CPU = Release|Any CPU
	EndGlobalSection
	GlobalSection(ProjectConfigurationPlatforms) = postSolution
		{979A34AE-185C-410A-AC27-882BAC2BC026}.Debug|Any CPU.ActiveCfg = Debug|Any CPU
		{979A34AE-185C-410A-AC27-882BAC2BC026}.Debug|Any CPU.Build.0 = Debug|Any CPU
		{979A34AE-185C-410A-AC27-882BAC2BC026}.Release|Any CPU.ActiveCfg = Release|Any CPU
		{979A34AE-185C-410A-AC27-882BAC2BC026}.Release|Any CPU.Build.0 = Release|Any CPU
		{2CEA43A5-2621-46F0-9E1C-817B87C9105E}.Debug|Any CPU.ActiveCfg = Debug|Any CPU
		{2CEA43A5-2621-46F0-9E1C-817B87C9105E}.Debug|Any CPU.Build.0 = Debug|Any CPU
		{2CEA43A5-2621-46F0-9E1C-817B87C9105E}.Release|Any CPU.ActiveCfg = Release|Any CPU
		{2CEA43A5-2621-46F0-9E1C-817B87C9105E}.Release|Any CPU.Build.0 = Release|Any CPU
	EndGlobalSection
	GlobalSection(SolutionProperties) = preSolution
		HideSolutionNode = FALSE
	EndGlobalSection
	GlobalSection(ExtensibilityGlobals) = postSolution
		SolutionGuid = {EC3944AF-D6E3-4320-9C6C-7D2335442C50}
	EndGlobalSection
EndGlobal
